// !$*UTF8*$!
{
	archiveVersion = 1;
	classes = {
	};
	objectVersion = 46;
	objects = {

/* Begin PBXBuildFile section */
		DB3DF2281EC1BD5E00C44306 /* AppDelegate.swift in Sources */ = {isa = PBXBuildFile; fileRef = DB3DF2271EC1BD5E00C44306 /* AppDelegate.swift */; };
		DB3DF22A1EC1BD5E00C44306 /* ViewController.swift in Sources */ = {isa = PBXBuildFile; fileRef = DB3DF2291EC1BD5E00C44306 /* ViewController.swift */; };
		DB3DF22D1EC1BD5E00C44306 /* Main.storyboard in Resources */ = {isa = PBXBuildFile; fileRef = DB3DF22B1EC1BD5E00C44306 /* Main.storyboard */; };
		DB3DF22F1EC1BD5E00C44306 /* Assets.xcassets in Resources */ = {isa = PBXBuildFile; fileRef = DB3DF22E1EC1BD5E00C44306 /* Assets.xcassets */; };
		DB3DF2321EC1BD5E00C44306 /* LaunchScreen.storyboard in Resources */ = {isa = PBXBuildFile; fileRef = DB3DF2301EC1BD5E00C44306 /* LaunchScreen.storyboard */; };
		DB3DF23C1EC1FB0D00C44306 /* bzLayer.swift in Sources */ = {isa = PBXBuildFile; fileRef = DB3DF23B1EC1FB0C00C44306 /* bzLayer.swift */; };
/* End PBXBuildFile section */

/* Begin PBXFileReference section */
		DB3DF2241EC1BD5E00C44306 /* coolinter.app */ = {isa = PBXFileReference; explicitFileType = wrapper.application; includeInIndex = 0; path = coolinter.app; sourceTree = BUILT_PRODUCTS_DIR; };
		DB3DF2271EC1BD5E00C44306 /* AppDelegate.swift */ = {isa = PBXFileReference; lastKnownFileType = sourcecode.swift; path = AppDelegate.swift; sourceTree = "<group>"; };
		DB3DF2291EC1BD5E00C44306 /* ViewController.swift */ = {isa = PBXFileReference; lastKnownFileType = sourcecode.swift; path = ViewController.swift; sourceTree = "<group>"; };
		DB3DF22C1EC1BD5E00C44306 /* Base */ = {isa = PBXFileReference; lastKnownFileType = file.storyboard; name = Base; path = Base.lproj/Main.storyboard; sourceTree = "<group>"; };
		DB3DF22E1EC1BD5E00C44306 /* Assets.xcassets */ = {isa = PBXFileReference; lastKnownFileType = folder.assetcatalog; path = Assets.xcassets; sourceTree = "<group>"; };
		DB3DF2311EC1BD5E00C44306 /* Base */ = {isa = PBXFileReference; lastKnownFileType = file.storyboard; name = Base; path = Base.lproj/LaunchScreen.storyboard; sourceTree = "<group>"; };
		DB3DF2331EC1BD5E00C44306 /* Info.plist */ = {isa = PBXFileReference; lastKnownFileType = text.plist.xml; path = Info.plist; sourceTree = "<group>"; };
		DB3DF23B1EC1FB0C00C44306 /* bzLayer.swift */ = {isa = PBXFileReference; fileEncoding = 4; lastKnownFileType = sourcecode.swift; path = bzLayer.swift; sourceTree = "<group>"; };
/* End PBXFileReference section */

/* Begin PBXFrameworksBuildPhase section */
		DB3DF2211EC1BD5E00C44306 /* Frameworks */ = {
			isa = PBXFrameworksBuildPhase;
			buildActionMask = 2147483647;
			files = (
			);
			runOnlyForDeploymentPostprocessing = 0;
		};
/* End PBXFrameworksBuildPhase section */

/* Begin PBXGroup section */
		DB3DF21B1EC1BD5E00C44306 = {
			isa = PBXGroup;
			children = (
				DB3DF2261EC1BD5E00C44306 /* coolinter */,
				DB3DF2251EC1BD5E00C44306 /* Products */,
			);
			sourceTree = "<group>";
		};
		DB3DF2251EC1BD5E00C44306 /* Products */ = {
			isa = PBXGroup;
			children = (
				DB3DF2241EC1BD5E00C44306 /* coolinter.app */,
			);
			name = Products;
			sourceTree = "<group>";
		};
		DB3DF2261EC1BD5E00C44306 /* coolinter */ = {
			isa = PBXGroup;
			children = (
				DB3DF2271EC1BD5E00C44306 /* AppDelegate.swift */,
				DB3DF2291EC1BD5E00C44306 /* ViewController.swift */,
				DB3DF23B1EC1FB0C00C44306 /* bzLayer.swift */,
				DB3DF22B1EC1BD5E00C44306 /* Main.storyboard */,
				DB3DF22E1EC1BD5E00C44306 /* Assets.xcassets */,
				DB3DF2301EC1BD5E00C44306 /* LaunchScreen.storyboard */,
				DB3DF2331EC1BD5E00C44306 /* Info.plist */,
			);
			path = coolinter;
			sourceTree = "<group>";
		};
/* End PBXGroup section */

/* Begin PBXNativeTarget section */
		DB3DF2231EC1BD5E00C44306 /* coolinter */ = {
			isa = PBXNativeTarget;
			buildConfigurationList = DB3DF2361EC1BD5E00C44306 /* Build configuration list for PBXNativeTarget "coolinter" */;
			buildPhases = (
				DB3DF2201EC1BD5E00C44306 /* Sources */,
				DB3DF2211EC1BD5E00C44306 /* Frameworks */,
				DB3DF2221EC1BD5E00C44306 /* Resources */,
			);
			buildRules = (
			);
			dependencies = (
			);
			name = coolinter;
			productName = coolinter;
			productReference = DB3DF2241EC1BD5E00C44306 /* coolinter.app */;
			productType = "com.apple.product-type.application";
		};
/* End PBXNativeTarget section */

/* Begin PBXProject section */
		DB3DF21C1EC1BD5E00C44306 /* Project object */ = {
			isa = PBXProject;
			attributes = {
				LastSwiftUpdateCheck = 0830;
				LastUpgradeCheck = 0830;
				ORGANIZATIONNAME = WuYueFeng;
				TargetAttributes = {
					DB3DF2231EC1BD5E00C44306 = {
						CreatedOnToolsVersion = 8.3.2;
						DevelopmentTeam = JYQ5XDENPB;
						ProvisioningStyle = Automatic;
					};
				};
			};
			buildConfigurationList = DB3DF21F1EC1BD5E00C44306 /* Build configuration list for PBXProject "coolinter" */;
			compatibilityVersion = "Xcode 3.2";
			developmentRegion = English;
			hasScannedForEncodings = 0;
			knownRegions = (
				en,
				Base,
			);
			mainGroup = DB3DF21B1EC1BD5E00C44306;
			productRefGroup = DB3DF2251EC1BD5E00C44306 /* Products */;
			projectDirPath = "";
			projectRoot = "";
			targets = (
				DB3DF2231EC1BD5E00C44306 /* coolinter */,
			);
		};
/* End PBXProject section */

/* Begin PBXResourcesBuildPhase section */
		DB3DF2221EC1BD5E00C44306 /* Resources */ = {
			isa = PBXResourcesBuildPhase;
			buildActionMask = 2147483647;
			files = (
				DB3DF2321EC1BD5E00C44306 /* LaunchScreen.storyboard in Resources */,
				DB3DF22F1EC1BD5E00C44306 /* Assets.xcassets in Resources */,
				DB3DF22D1EC1BD5E00C44306 /* Main.storyboard in Resources */,
			);
			runOnlyForDeploymentPostprocessing = 0;
		};
/* End PBXResourcesBuildPhase section */

/* Begin PBXSourcesBuildPhase section */
		DB3DF2201EC1BD5E00C44306 /* Sources */ = {
			isa = PBXSourcesBuildPhase;
			buildActionMask = 2147483647;
			files = (
				DB3DF23C1EC1FB0D00C44306 /* bzLayer.swift in Sources */,
				DB3DF22A1EC1BD5E00C44306 /* ViewController.swift in Sources */,
				DB3DF2281EC1BD5E00C44306 /* AppDelegate.swift in Sources */,
			);
			runOnlyForDeploymentPostprocessing = 0;
		};
/* End PBXSourcesBuildPhase section */

/* Begin PBXVariantGroup section */
		DB3DF22B1EC1BD5E00C44306 /* Main.storyboard */ = {
			isa = PBXVariantGroup;
			children = (
				DB3DF22C1EC1BD5E00C44306 /* Base */,
			);
			name = Main.storyboard;
			sourceTree = "<group>";
		};
		DB3DF2301EC1BD5E00C44306 /* LaunchScreen.storyboard */ = {
			isa = PBXVariantGroup;
			children = (
				DB3DF2311EC1BD5E00C44306 /* Base */,
			);
			name = LaunchScreen.storyboard;
			sourceTree = "<group>";
		};
/* End PBXVariantGroup section */

/* Begin XCBuildConfiguration section */
		DB3DF2341EC1BD5E00C44306 /* Debug */ = {
			isa = XCBuildConfiguration;
			buildSettings = {
				ALWAYS_SEARCH_USER_PATHS = NO;
				CLANG_ANALYZER_NONNULL = YES;
				CLANG_ANALYZER_NUMBER_OBJECT_CONVERSION = YES_AGGRESSIVE;
				CLANG_CXX_LANGUAGE_STANDARD = "gnu++0x";
				CLANG_CXX_LIBRARY = "libc++";
				CLANG_ENABLE_MODULES = YES;
				CLANG_ENABLE_OBJC_ARC = YES;
				CLANG_WARN_BOOL_CONVERSION = YES;
				CLANG_WARN_CONSTANT_CONVERSION = YES;
				CLANG_WARN_DIRECT_OBJC_ISA_USAGE = YES_ERROR;
				CLANG_WARN_DOCUMENTATION_COMMENTS = YES;
				CLANG_WARN_EMPTY_BODY = YES;
				CLANG_WARN_ENUM_CONVERSION = YES;
				CLANG_WARN_INFINITE_RECURSION = YES;
				CLANG_WARN_INT_CONVERSION = YES;
				CLANG_WARN_OBJC_ROOT_CLASS = YES_ERROR;
				CLANG_WARN_SUSPICIOUS_MOVE = YES;
				CLANG_WARN_UNREACHABLE_CODE = YES;
				CLANG_WARN__DUPLICATE_METHOD_MATCH = YES;
				"CODE_SIGN_IDENTITY[sdk=iphoneos*]" = "iPhone Developer";
				COPY_PHASE_STRIP = NO;
				DEBUG_INFORMATION_FORMAT = dwarf;
				ENABLE_STRICT_OBJC_MSGSEND = YES;
				ENABLE_TESTABILITY = YES;
				GCC_C_LANGUAGE_STANDARD = gnu99;
				GCC_DYNAMIC_NO_PIC = NO;
				GCC_NO_COMMON_BLOCKS = YES;
				GCC_OPTIMIZATION_LEVEL = 0;
				GCC_PREPROCESSOR_DEFINITIONS = (
					"DEBUG=1",
					"$(inherited)",
				);
				GCC_WARN_64_TO_32_BIT_CONVERSION = YES;
				GCC_WARN_ABOUT_RETURN_TYPE = YES_ERROR;
				GCC_WARN_UNDECLARED_SELECTOR = YES;
				GCC_WARN_UNINITIALIZED_AUTOS = YES_AGGRESSIVE;
				GCC_WARN_UNUSED_FUNCTION = YES;
				GCC_WARN_UNUSED_VARIABLE = YES;
				IPHONEOS_DEPLOYMENT_TARGET = 10.3;
				MTL_ENABLE_DEBUG_INFO = YES;
				ONLY_ACTIVE_ARCH = YES;
				SDKROOT = iphoneos;
				SWIFT_ACTIVE_COMPILATION_CONDITIONS = DEBUG;
				SWIFT_OPTIMIZATION_LEVEL = "-Onone";
				TARGETED_DEVICE_FAMILY = "1,2";
			};
			name = Debug;
		};
		DB3DF2351EC1BD5E00C44306 /* Release */ = {
			isa = XCBuildConfiguration;
			buildSettings = {
				ALWAYS_SEARCH_USER_PATHS = NO;
				CLANG_ANALYZER_NONNULL = YES;
				CLANG_ANALYZER_NUMBER_OBJECT_CONVERSION = YES_AGGRESSIVE;
				CLANG_CXX_LANGUAGE_STANDARD = "gnu++0x";
				CLANG_CXX_LIBRARY = "libc++";
				CLANG_ENABLE_MODULES = YES;
				CLANG_ENABLE_OBJC_ARC = YES;
				CLANG_WARN_BOOL_CONVERSION = YES;
				CLANG_WARN_CONSTANT_CONVERSION = YES;
				CLANG_WARN_DIRECT_OBJC_ISA_USAGE = YES_ERROR;
				CLANG_WARN_DOCUMENTATION_COMMENTS = YES;
				CLANG_WARN_EMPTY_BODY = YES;
				CLANG_WARN_ENUM_CONVERSION = YES;
				CLANG_WARN_INFINITE_RECURSION = YES;
				CLANG_WARN_INT_CONVERSION = YES;
				CLANG_WARN_OBJC_ROOT_CLASS = YES_ERROR;
				CLANG_WARN_SUSPICIOUS_MOVE = YES;
				CLANG_WARN_UNREACHABLE_CODE = YES;
				CLANG_WARN__DUPLICATE_METHOD_MATCH = YES;
				"CODE_SIGN_IDENTITY[sdk=iphoneos*]" = "iPhone Developer";
				COPY_PHASE_STRIP = NO;
				DEBUG_INFORMATION_FORMAT = "dwarf-with-dsym";
				ENABLE_NS_ASSERTIONS = NO;
				ENABLE_STRICT_OBJC_MSGSEND = YES;
				GCC_C_LANGUAGE_STANDARD = gnu99;
				GCC_NO_COMMON_BLOCKS = YES;
				GCC_WARN_64_TO_32_BIT_CONVERSION = YES;
				GCC_WARN_ABOUT_RETURN_TYPE = YES_ERROR;
				GCC_WARN_UNDECLARED_SELECTOR = YES;
				GCC_WARN_UNINITIALIZED_AUTOS = YES_AGGRESSIVE;
				GCC_WARN_UNUSED_FUNCTION = YES;
				GCC_WARN_UNUSED_VARIABLE = YES;
				IPHONEOS_DEPLOYMENT_TARGET = 10.3;
				MTL_ENABLE_DEBUG_INFO = NO;
				SDKROOT = iphoneos;
				SWIFT_OPTIMIZATION_LEVEL = "-Owholemodule";
				TARGETED_DEVICE_FAMILY = "1,2";
				VALIDATE_PRODUCT = YES;
			};
			name = Release;
		};
		DB3DF2371EC1BD5E00C44306 /* Debug */ = {
			isa = XCBuildConfiguration;
			buildSettings = {
				ASSETCATALOG_COMPILER_APPICON_NAME = AppIcon;
				DEVELOPMENT_TEAM = JYQ5XDENPB;
				INFOPLIST_FILE = coolinter/Info.plist;
				LD_RUNPATH_SEARCH_PATHS = "$(inherited) @executable_path/Frameworks";
				PRODUCT_BUNDLE_IDENTIFIER = In.coolinter;
				PRODUCT_NAME = "$(TARGET_NAME)";
				SWIFT_VERSION = 3.0;
			};
			name = Debug;
		};
		DB3DF2381EC1BD5E00C44306 /* Release */ = {
			isa = XCBuildConfiguration;
			buildSettings = {
				ASSETCATALOG_COMPILER_APPICON_NAME = AppIcon;
				DEVELOPMENT_TEAM = JYQ5XDENPB;
				INFOPLIST_FILE = coolinter/Info.plist;
				LD_RUNPATH_SEARCH_PATHS = "$(inherited) @executable_path/Frameworks";
				PRODUCT_BUNDLE_IDENTIFIER = In.coolinter;
				PRODUCT_NAME = "$(TARGET_NAME)";
				SWIFT_VERSION = 3.0;
			};
			name = Release;
		};
/* End XCBuildConfiguration section */

/* Begin XCConfigurationList section */
		DB3DF21F1EC1BD5E00C44306 /* Build configuration list for PBXProject "coolinter" */ = {
			isa = XCConfigurationList;
			buildConfigurations = (
				DB3DF2341EC1BD5E00C44306 /* Debug */,
				DB3DF2351EC1BD5E00C44306 /* Release */,
			);
			defaultConfigurationIsVisible = 0;
			defaultConfigurationName = Release;
		};
		DB3DF2361EC1BD5E00C44306 /* Build configuration list for PBXNativeTarget "coolinter" */ = {
			isa = XCConfigurationList;
			buildConfigurations = (
				DB3DF2371EC1BD5E00C44306 /* Debug */,
				DB3DF2381EC1BD5E00C44306 /* Release */,
			);
			defaultConfigurationIsVisible = 0;
			defaultConfigurationName = Release;
		};
/* End XCConfigurationList section */
	};
	rootObject = DB3DF21C1EC1BD5E00C44306 /* Project object */;
}
